
Microsoft Visual Studio Solution File, Format Version 10.00
# Visual Studio 2008
Project("{54435603-DBB4-11D2-8724-00A0C9A8B90C}") = "AlphaVSS.Help.Setup", "AlphaVSS.Help.Setup.vdproj", "{21AE1E41-F7D0-4F08-AA07-DF0DF84083FF}"
EndProject
Project("{54435603-DBB4-11D2-8724-00A0C9A8B90C}") = "AlphaVSS.Help.SetupMergeModule", "..\AlphaVSS.Help.SetupMergeModule\AlphaVSS.Help.SetupMergeModule.vdproj", "{ED5207DF-C9DB-4BC3-A0BA-1EDC389B755A}"
EndProject
Global
	GlobalSection(TeamFoundationVersionControl) = preSolution
		SccNumberOfProjects = 3
		SccEnterpriseProvider = {4CA58AB2-18FA-4F8D-95D4-32DDF27D184C}
		SccTeamFoundationServer = https://tfs02.codeplex.com/
		SccLocalPath0 = .
		SccProjectUniqueName1 = AlphaVSS.Help.Setup.vdproj
		SccLocalPath1 = .
		SccProjectUniqueName2 = ..\\AlphaVSS.Help.SetupMergeModule\\AlphaVSS.Help.SetupMergeModule.vdproj
		SccProjectName2 = ../AlphaVSS.Help.SetupMergeModule
		SccLocalPath2 = ..\\AlphaVSS.Help.SetupMergeModule
	EndGlobalSection
	GlobalSection(SolutionConfigurationPlatforms) = preSolution
		Debug|Default = Debug|Default
		Release|Default = Release|Default
	EndGlobalSection
	GlobalSection(ProjectConfigurationPlatforms) = postSolution
		{21AE1E41-F7D0-4F08-AA07-DF0DF84083FF}.Debug|Default.ActiveCfg = Debug
		{21AE1E41-F7D0-4F08-AA07-DF0DF84083FF}.Debug|Default.Build.0 = Debug
		{21AE1E41-F7D0-4F08-AA07-DF0DF84083FF}.Release|Default.ActiveCfg = Release
		{21AE1E41-F7D0-4F08-AA07-DF0DF84083FF}.Release|Default.Build.0 = Release
		{ED5207DF-C9DB-4BC3-A0BA-1EDC389B755A}.Debug|Default.ActiveCfg = Debug
		{ED5207DF-C9DB-4BC3-A0BA-1EDC389B755A}.Debug|Default.Build.0 = Debug
		{ED5207DF-C9DB-4BC3-A0BA-1EDC389B755A}.Release|Default.ActiveCfg = Release
		{ED5207DF-C9DB-4BC3-A0BA-1EDC389B755A}.Release|Default.Build.0 = Release
	EndGlobalSection
	GlobalSection(SolutionProperties) = preSolution
		HideSolutionNode = FALSE
	EndGlobalSection
EndGlobal
