
Microsoft Visual Studio Solution File, Format Version 12.00
# Visual Studio 15
VisualStudioVersion = 15.0.26228.4
MinimumVisualStudioVersion = 10.0.40219.1
Project("{2150E333-8FDC-42A3-9474-1A3956D46DE8}") = "Solution Items", "Solution Items", "{2D2D5045-46A9-490F-A79D-78B261C35231}"
	ProjectSection(SolutionItems) = preProject
		AlphaVSS.nuspec = AlphaVSS.nuspec
		AlphaVSS.ruleset = AlphaVSS.ruleset
		AlphaVSS.snk = AlphaVSS.snk
		AlphaVSS.targets = AlphaVSS.targets
		BuildRelease.proj = BuildRelease.proj
		..\ChangeLog.md = ..\ChangeLog.md
		Version.msbuild = Version.msbuild
	EndProjectSection
EndProject
Project("{2150E333-8FDC-42A3-9474-1A3956D46DE8}") = "Samples", "Samples", "{202D432F-679C-44A2-A3AE-4100E6BBA0ED}"
EndProject
Project("{8BC9CEB8-8B4A-11D0-8D11-00A0C91BC942}") = "AlphaVSS.Platform", "AlphaVSS.Platform\AlphaVSS.vcxproj", "{492458C9-0A41-41C3-BC18-B1F8C3D0AAF1}"
EndProject
Project("{FAE04EC0-301F-11D3-BF4B-00C04F79EFBC}") = "AlphaVSS.Common", "AlphaVSS.Common\AlphaVSS.Common.csproj", "{2FB97B30-1050-4F6B-B729-B94AAA178EE4}"
EndProject
Project("{FAE04EC0-301F-11D3-BF4B-00C04F79EFBC}") = "AlphaShadow", "Samples\AlphaShadow\AlphaShadow.csproj", "{22958F18-D607-4C5B-9EF0-F143A533B61A}"
EndProject
Project("{7CF6DF6D-3B04-46F8-A40B-537D21BCA0B4}") = "AlphaVSS-Doc", "Documentation\AlphaVSS-Doc.shfbproj", "{2DBB4241-FB30-4A42-AE02-92436B09083F}"
EndProject
Global
	GlobalSection(SolutionConfigurationPlatforms) = preSolution
		net40|Any CPU = net40|Any CPU
		net40|x64 = net40|x64
		net40|x86 = net40|x86
		net40-debug|Any CPU = net40-debug|Any CPU
		net40-debug|x64 = net40-debug|x64
		net40-debug|x86 = net40-debug|x86
		net45|Any CPU = net45|Any CPU
		net45|x64 = net45|x64
		net45|x86 = net45|x86
		net45-debug|Any CPU = net45-debug|Any CPU
		net45-debug|x64 = net45-debug|x64
		net45-debug|x86 = net45-debug|x86
	EndGlobalSection
	GlobalSection(ProjectConfigurationPlatforms) = postSolution
		{492458C9-0A41-41C3-BC18-B1F8C3D0AAF1}.net40|Any CPU.ActiveCfg = net40|Win32
		{492458C9-0A41-41C3-BC18-B1F8C3D0AAF1}.net40|x64.ActiveCfg = net40|x64
		{492458C9-0A41-41C3-BC18-B1F8C3D0AAF1}.net40|x64.Build.0 = net40|x64
		{492458C9-0A41-41C3-BC18-B1F8C3D0AAF1}.net40|x64.Deploy.0 = net40|x64
		{492458C9-0A41-41C3-BC18-B1F8C3D0AAF1}.net40|x86.ActiveCfg = net40|Win32
		{492458C9-0A41-41C3-BC18-B1F8C3D0AAF1}.net40|x86.Build.0 = net40|Win32
		{492458C9-0A41-41C3-BC18-B1F8C3D0AAF1}.net40|x86.Deploy.0 = net40|Win32
		{492458C9-0A41-41C3-BC18-B1F8C3D0AAF1}.net40-debug|Any CPU.ActiveCfg = net40-debug|Win32
		{492458C9-0A41-41C3-BC18-B1F8C3D0AAF1}.net40-debug|x64.ActiveCfg = net40-debug|x64
		{492458C9-0A41-41C3-BC18-B1F8C3D0AAF1}.net40-debug|x64.Build.0 = net40-debug|x64
		{492458C9-0A41-41C3-BC18-B1F8C3D0AAF1}.net40-debug|x86.ActiveCfg = net40-debug|Win32
		{492458C9-0A41-41C3-BC18-B1F8C3D0AAF1}.net40-debug|x86.Build.0 = net40-debug|Win32
		{492458C9-0A41-41C3-BC18-B1F8C3D0AAF1}.net45|Any CPU.ActiveCfg = net45|Win32
		{492458C9-0A41-41C3-BC18-B1F8C3D0AAF1}.net45|x64.ActiveCfg = net45|x64
		{492458C9-0A41-41C3-BC18-B1F8C3D0AAF1}.net45|x64.Build.0 = net45|x64
		{492458C9-0A41-41C3-BC18-B1F8C3D0AAF1}.net45|x64.Deploy.0 = net45|x64
		{492458C9-0A41-41C3-BC18-B1F8C3D0AAF1}.net45|x86.ActiveCfg = net45|Win32
		{492458C9-0A41-41C3-BC18-B1F8C3D0AAF1}.net45|x86.Build.0 = net45|Win32
		{492458C9-0A41-41C3-BC18-B1F8C3D0AAF1}.net45|x86.Deploy.0 = net45|Win32
		{492458C9-0A41-41C3-BC18-B1F8C3D0AAF1}.net45-debug|Any CPU.ActiveCfg = net45-debug|Win32
		{492458C9-0A41-41C3-BC18-B1F8C3D0AAF1}.net45-debug|x64.ActiveCfg = net45-debug|x64
		{492458C9-0A41-41C3-BC18-B1F8C3D0AAF1}.net45-debug|x64.Build.0 = net45-debug|x64
		{492458C9-0A41-41C3-BC18-B1F8C3D0AAF1}.net45-debug|x86.ActiveCfg = net45-debug|Win32
		{492458C9-0A41-41C3-BC18-B1F8C3D0AAF1}.net45-debug|x86.Build.0 = net45-debug|Win32
		{2FB97B30-1050-4F6B-B729-B94AAA178EE4}.net40|Any CPU.ActiveCfg = net40|Any CPU
		{2FB97B30-1050-4F6B-B729-B94AAA178EE4}.net40|Any CPU.Build.0 = net40|Any CPU
		{2FB97B30-1050-4F6B-B729-B94AAA178EE4}.net40|x64.ActiveCfg = net40|Any CPU
		{2FB97B30-1050-4F6B-B729-B94AAA178EE4}.net40|x64.Build.0 = net40|Any CPU
		{2FB97B30-1050-4F6B-B729-B94AAA178EE4}.net40|x86.ActiveCfg = net40|Any CPU
		{2FB97B30-1050-4F6B-B729-B94AAA178EE4}.net40|x86.Build.0 = net40|Any CPU
		{2FB97B30-1050-4F6B-B729-B94AAA178EE4}.net40-debug|Any CPU.ActiveCfg = net40-debug|Any CPU
		{2FB97B30-1050-4F6B-B729-B94AAA178EE4}.net40-debug|x64.ActiveCfg = net40-debug|Any CPU
		{2FB97B30-1050-4F6B-B729-B94AAA178EE4}.net40-debug|x64.Build.0 = net40-debug|Any CPU
		{2FB97B30-1050-4F6B-B729-B94AAA178EE4}.net40-debug|x86.ActiveCfg = net40-debug|Any CPU
		{2FB97B30-1050-4F6B-B729-B94AAA178EE4}.net40-debug|x86.Build.0 = net40-debug|Any CPU
		{2FB97B30-1050-4F6B-B729-B94AAA178EE4}.net45|Any CPU.ActiveCfg = net45|Any CPU
		{2FB97B30-1050-4F6B-B729-B94AAA178EE4}.net45|Any CPU.Build.0 = net45|Any CPU
		{2FB97B30-1050-4F6B-B729-B94AAA178EE4}.net45|x64.ActiveCfg = net45|Any CPU
		{2FB97B30-1050-4F6B-B729-B94AAA178EE4}.net45|x64.Build.0 = net45|Any CPU
		{2FB97B30-1050-4F6B-B729-B94AAA178EE4}.net45|x86.ActiveCfg = net45|Any CPU
		{2FB97B30-1050-4F6B-B729-B94AAA178EE4}.net45|x86.Build.0 = net45|Any CPU
		{2FB97B30-1050-4F6B-B729-B94AAA178EE4}.net45-debug|Any CPU.ActiveCfg = net45-debug|Any CPU
		{2FB97B30-1050-4F6B-B729-B94AAA178EE4}.net45-debug|x64.ActiveCfg = net45-debug|Any CPU
		{2FB97B30-1050-4F6B-B729-B94AAA178EE4}.net45-debug|x64.Build.0 = net45-debug|Any CPU
		{2FB97B30-1050-4F6B-B729-B94AAA178EE4}.net45-debug|x86.ActiveCfg = net45-debug|Any CPU
		{2FB97B30-1050-4F6B-B729-B94AAA178EE4}.net45-debug|x86.Build.0 = net45-debug|Any CPU
		{22958F18-D607-4C5B-9EF0-F143A533B61A}.net40|Any CPU.ActiveCfg = net40|Any CPU
		{22958F18-D607-4C5B-9EF0-F143A533B61A}.net40|Any CPU.Build.0 = net40|Any CPU
		{22958F18-D607-4C5B-9EF0-F143A533B61A}.net40|x64.ActiveCfg = net40|Any CPU
		{22958F18-D607-4C5B-9EF0-F143A533B61A}.net40|x64.Build.0 = net40|Any CPU
		{22958F18-D607-4C5B-9EF0-F143A533B61A}.net40|x86.ActiveCfg = net40|Any CPU
		{22958F18-D607-4C5B-9EF0-F143A533B61A}.net40|x86.Build.0 = net40|Any CPU
		{22958F18-D607-4C5B-9EF0-F143A533B61A}.net40-debug|Any CPU.ActiveCfg = net40-debug|Any CPU
		{22958F18-D607-4C5B-9EF0-F143A533B61A}.net40-debug|Any CPU.Build.0 = net40-debug|Any CPU
		{22958F18-D607-4C5B-9EF0-F143A533B61A}.net40-debug|x64.ActiveCfg = net40-debug|Any CPU
		{22958F18-D607-4C5B-9EF0-F143A533B61A}.net40-debug|x64.Build.0 = net40-debug|Any CPU
		{22958F18-D607-4C5B-9EF0-F143A533B61A}.net40-debug|x86.ActiveCfg = net40-debug|Any CPU
		{22958F18-D607-4C5B-9EF0-F143A533B61A}.net40-debug|x86.Build.0 = net40-debug|Any CPU
		{22958F18-D607-4C5B-9EF0-F143A533B61A}.net45|Any CPU.ActiveCfg = net45|Any CPU
		{22958F18-D607-4C5B-9EF0-F143A533B61A}.net45|Any CPU.Build.0 = net45|Any CPU
		{22958F18-D607-4C5B-9EF0-F143A533B61A}.net45|x64.ActiveCfg = net45|Any CPU
		{22958F18-D607-4C5B-9EF0-F143A533B61A}.net45|x64.Build.0 = net45|Any CPU
		{22958F18-D607-4C5B-9EF0-F143A533B61A}.net45|x86.ActiveCfg = net45|Any CPU
		{22958F18-D607-4C5B-9EF0-F143A533B61A}.net45|x86.Build.0 = net45|Any CPU
		{22958F18-D607-4C5B-9EF0-F143A533B61A}.net45-debug|Any CPU.ActiveCfg = net45-debug|Any CPU
		{22958F18-D607-4C5B-9EF0-F143A533B61A}.net45-debug|Any CPU.Build.0 = net45-debug|Any CPU
		{22958F18-D607-4C5B-9EF0-F143A533B61A}.net45-debug|x64.ActiveCfg = net45-debug|Any CPU
		{22958F18-D607-4C5B-9EF0-F143A533B61A}.net45-debug|x64.Build.0 = net45-debug|Any CPU
		{22958F18-D607-4C5B-9EF0-F143A533B61A}.net45-debug|x86.ActiveCfg = net45-debug|Any CPU
		{22958F18-D607-4C5B-9EF0-F143A533B61A}.net45-debug|x86.Build.0 = net45-debug|Any CPU
		{2DBB4241-FB30-4A42-AE02-92436B09083F}.net40|Any CPU.ActiveCfg = Release|Any CPU
		{2DBB4241-FB30-4A42-AE02-92436B09083F}.net40|Any CPU.Build.0 = Release|Any CPU
		{2DBB4241-FB30-4A42-AE02-92436B09083F}.net40|x64.ActiveCfg = Release|Any CPU
		{2DBB4241-FB30-4A42-AE02-92436B09083F}.net40|x86.ActiveCfg = Release|Any CPU
		{2DBB4241-FB30-4A42-AE02-92436B09083F}.net40-debug|Any CPU.ActiveCfg = Release|Any CPU
		{2DBB4241-FB30-4A42-AE02-92436B09083F}.net40-debug|Any CPU.Build.0 = Release|Any CPU
		{2DBB4241-FB30-4A42-AE02-92436B09083F}.net40-debug|x64.ActiveCfg = Debug|Any CPU
		{2DBB4241-FB30-4A42-AE02-92436B09083F}.net40-debug|x86.ActiveCfg = Debug|Any CPU
		{2DBB4241-FB30-4A42-AE02-92436B09083F}.net45|Any CPU.ActiveCfg = Release|Any CPU
		{2DBB4241-FB30-4A42-AE02-92436B09083F}.net45|Any CPU.Build.0 = Release|Any CPU
		{2DBB4241-FB30-4A42-AE02-92436B09083F}.net45|x64.ActiveCfg = Release|Any CPU
		{2DBB4241-FB30-4A42-AE02-92436B09083F}.net45|x86.ActiveCfg = Release|Any CPU
		{2DBB4241-FB30-4A42-AE02-92436B09083F}.net45-debug|Any CPU.ActiveCfg = Release|Any CPU
		{2DBB4241-FB30-4A42-AE02-92436B09083F}.net45-debug|Any CPU.Build.0 = Release|Any CPU
		{2DBB4241-FB30-4A42-AE02-92436B09083F}.net45-debug|x64.ActiveCfg = Release|Any CPU
		{2DBB4241-FB30-4A42-AE02-92436B09083F}.net45-debug|x86.ActiveCfg = Release|Any CPU
	EndGlobalSection
	GlobalSection(SolutionProperties) = preSolution
		HideSolutionNode = FALSE
	EndGlobalSection
	GlobalSection(NestedProjects) = preSolution
		{22958F18-D607-4C5B-9EF0-F143A533B61A} = {202D432F-679C-44A2-A3AE-4100E6BBA0ED}
	EndGlobalSection
	GlobalSection(ExtensibilityGlobals) = postSolution
		VisualSVNWorkingCopyRoot = ..\..
	EndGlobalSection
EndGlobal
